
Microsoft Visual Studio Solution File, Format Version 12.00
# Visual Studio 15
VisualStudioVersion = 15.0.28307.539
MinimumVisualStudioVersion = 10.0.40219.1
Project("{FAE04EC0-301F-11D3-BF4B-00C04F79EFBC}") = "task_one", "task_one\task_one.csproj", "{B5456E1C-F86F-46A2-BF15-DF519F7260E1}"
EndProject
Global
	GlobalSection(SolutionConfigurationPlatforms) = preSolution
		Debug|Any CPU = Debug|Any CPU
		Release|Any CPU = Release|Any CPU
	EndGlobalSection
	GlobalSection(ProjectConfigurationPlatforms) = postSolution
		{B5456E1C-F86F-46A2-BF15-DF519F7260E1}.Debug|Any CPU.ActiveCfg = Debug|Any CPU
		{B5456E1C-F86F-46A2-BF15-DF519F7260E1}.Debug|Any CPU.Build.0 = Debug|Any CPU
		{B5456E1C-F86F-46A2-BF15-DF519F7260E1}.Release|Any CPU.ActiveCfg = Release|Any CPU
		{B5456E1C-F86F-46A2-BF15-DF519F7260E1}.Release|Any CPU.Build.0 = Release|Any CPU
	EndGlobalSection
	GlobalSection(SolutionProperties) = preSolution
		HideSolutionNode = FALSE
	EndGlobalSection
	GlobalSection(ExtensibilityGlobals) = postSolution
		SolutionGuid = {5722ACBC-7635-4BB0-8FC3-2F8E600B72C3}
	EndGlobalSection
EndGlobal
